
Microsoft Visual Studio Solution File, Format Version 12.00
# Visual Studio Version 16
VisualStudioVersion = 16.0.33927.289
MinimumVisualStudioVersion = 10.0.40219.1
Project("{FAE04EC0-301F-11D3-BF4B-00C04F79EFBC}") = "USSEnterprise.Presentation", "USSEnterprise.Presentation\USSEnterprise.Presentation.csproj", "{8448B897-89FF-43FC-A92C-8FBAB36677CE}"
EndProject
Project("{FAE04EC0-301F-11D3-BF4B-00C04F79EFBC}") = "USSEnterprise.Application", "..\USSEnterprise.Application\USSEnterprise.Application.csproj", "{B02835C2-B679-4418-9D74-3AD24780480B}"
EndProject
Project("{FAE04EC0-301F-11D3-BF4B-00C04F79EFBC}") = "USSEnterprise.Domain", "..\USSEnterprise.Domain\USSEnterprise.Domain.csproj", "{F31CA2E1-0FD1-4ECE-A19B-273C5B86AA5D}"
EndProject
Project("{FAE04EC0-301F-11D3-BF4B-00C04F79EFBC}") = "USSEnterpriseApplication.Infrastructure", "..\USSEnterpriseApplication.Infrastructure\USSEnterpriseApplication.Infrastructure.csproj", "{14D5751B-0FDE-41C3-A1C6-BC55D7FF1A49}"
EndProject
Project("{FAE04EC0-301F-11D3-BF4B-00C04F79EFBC}") = "USSEnterpriseApplication.UnitTest", "..\USSEnterpriseApplication.UnitTest\USSEnterpriseApplication.UnitTest.csproj", "{7DE2953E-CDAB-4A80-AD72-97C3D56A55D1}"
EndProject
Global
	GlobalSection(SolutionConfigurationPlatforms) = preSolution
		Debug|Any CPU = Debug|Any CPU
		Release|Any CPU = Release|Any CPU
	EndGlobalSection
	GlobalSection(ProjectConfigurationPlatforms) = postSolution
		{8448B897-89FF-43FC-A92C-8FBAB36677CE}.Debug|Any CPU.ActiveCfg = Debug|Any CPU
		{8448B897-89FF-43FC-A92C-8FBAB36677CE}.Debug|Any CPU.Build.0 = Debug|Any CPU
		{8448B897-89FF-43FC-A92C-8FBAB36677CE}.Release|Any CPU.ActiveCfg = Release|Any CPU
		{8448B897-89FF-43FC-A92C-8FBAB36677CE}.Release|Any CPU.Build.0 = Release|Any CPU
		{B02835C2-B679-4418-9D74-3AD24780480B}.Debug|Any CPU.ActiveCfg = Debug|Any CPU
		{B02835C2-B679-4418-9D74-3AD24780480B}.Debug|Any CPU.Build.0 = Debug|Any CPU
		{B02835C2-B679-4418-9D74-3AD24780480B}.Release|Any CPU.ActiveCfg = Release|Any CPU
		{B02835C2-B679-4418-9D74-3AD24780480B}.Release|Any CPU.Build.0 = Release|Any CPU
		{F31CA2E1-0FD1-4ECE-A19B-273C5B86AA5D}.Debug|Any CPU.ActiveCfg = Debug|Any CPU
		{F31CA2E1-0FD1-4ECE-A19B-273C5B86AA5D}.Debug|Any CPU.Build.0 = Debug|Any CPU
		{F31CA2E1-0FD1-4ECE-A19B-273C5B86AA5D}.Release|Any CPU.ActiveCfg = Release|Any CPU
		{F31CA2E1-0FD1-4ECE-A19B-273C5B86AA5D}.Release|Any CPU.Build.0 = Release|Any CPU
		{14D5751B-0FDE-41C3-A1C6-BC55D7FF1A49}.Debug|Any CPU.ActiveCfg = Debug|Any CPU
		{14D5751B-0FDE-41C3-A1C6-BC55D7FF1A49}.Debug|Any CPU.Build.0 = Debug|Any CPU
		{14D5751B-0FDE-41C3-A1C6-BC55D7FF1A49}.Release|Any CPU.ActiveCfg = Release|Any CPU
		{14D5751B-0FDE-41C3-A1C6-BC55D7FF1A49}.Release|Any CPU.Build.0 = Release|Any CPU
		{7DE2953E-CDAB-4A80-AD72-97C3D56A55D1}.Debug|Any CPU.ActiveCfg = Debug|Any CPU
		{7DE2953E-CDAB-4A80-AD72-97C3D56A55D1}.Debug|Any CPU.Build.0 = Debug|Any CPU
		{7DE2953E-CDAB-4A80-AD72-97C3D56A55D1}.Release|Any CPU.ActiveCfg = Release|Any CPU
		{7DE2953E-CDAB-4A80-AD72-97C3D56A55D1}.Release|Any CPU.Build.0 = Release|Any CPU
	EndGlobalSection
	GlobalSection(SolutionProperties) = preSolution
		HideSolutionNode = FALSE
	EndGlobalSection
	GlobalSection(ExtensibilityGlobals) = postSolution
		SolutionGuid = {0DA91FD8-0E89-4A8E-94AC-3BEE440A9740}
	EndGlobalSection
EndGlobal
